version = 1
revision = 3
requires-python = ">=3.13"

[manifest]
members = [
    "configuration",
    "database-errors",
    "ryan-tool",
]

[[package]]
name = "configparser"
version = "7.2.0"
source = { registry = "https://pypi.org/simple" }
sdist = { url = "https://files.pythonhosted.org/packages/8b/ac/ea19242153b5e8be412a726a70e82c7b5c1537c83f61b20995b2eda3dcd7/configparser-7.2.0.tar.gz", hash = "sha256:b629cc8ae916e3afbd36d1b3d093f34193d851e11998920fdcfc4552218b7b70", size = 51273, upload-time = "2025-03-08T16:04:09.339Z" }
wheels = [
    { url = "https://files.pythonhosted.org/packages/09/fe/f61e7129e9e689d9e40bbf8a36fb90f04eceb477f4617c02c6a18463e81f/configparser-7.2.0-py3-none-any.whl", hash = "sha256:fee5e1f3db4156dcd0ed95bc4edfa3580475537711f67a819c966b389d09ce62", size = 17232, upload-time = "2025-03-08T16:04:07.743Z" },
]

[[package]]
name = "configuration"
version = "0.1.0"
source = { editable = "src/configuration" }
dependencies = [
    { name = "configparser" },
]

[package.metadata]
requires-dist = [{ name = "configparser", specifier = ">=7.2.0" }]

[[package]]
name = "database-errors"
version = "1.0.1"
source = { editable = "src/database_errors" }

[[package]]
name = "ryan-tool"
version = "1.0.1"
source = { virtual = "." }
dependencies = [
    { name = "configuration" },
    { name = "database-errors" },
]

[package.metadata]
requires-dist = [
    { name = "configuration", editable = "src/configuration" },
    { name = "database-errors", editable = "src/database_errors" },
]
